
Microsoft Visual Studio Solution File, Format Version 12.00
# Visual Studio Version 16
VisualStudioVersion = 16.0.30128.74
MinimumVisualStudioVersion = 10.0.40219.1
Project("{FAE04EC0-301F-11D3-BF4B-00C04F79EFBC}") = "com.redhat.simplenetcore.services", "com.redhat.simplenetcore.services\com.redhat.simplenetcore.services.csproj", "{BA58B9C9-585E-4440-A25E-7627F45733BD}"
EndProject
Global
	GlobalSection(SolutionConfigurationPlatforms) = preSolution
		Debug|Any CPU = Debug|Any CPU
		Release|Any CPU = Release|Any CPU
	EndGlobalSection
	GlobalSection(ProjectConfigurationPlatforms) = postSolution
		{BA58B9C9-585E-4440-A25E-7627F45733BD}.Debug|Any CPU.ActiveCfg = Debug|Any CPU
		{BA58B9C9-585E-4440-A25E-7627F45733BD}.Debug|Any CPU.Build.0 = Debug|Any CPU
		{BA58B9C9-585E-4440-A25E-7627F45733BD}.Release|Any CPU.ActiveCfg = Release|Any CPU
		{BA58B9C9-585E-4440-A25E-7627F45733BD}.Release|Any CPU.Build.0 = Release|Any CPU
	EndGlobalSection
	GlobalSection(SolutionProperties) = preSolution
		HideSolutionNode = FALSE
	EndGlobalSection
	GlobalSection(ExtensibilityGlobals) = postSolution
		SolutionGuid = {2E01F960-84FE-424E-AF28-CD6D4CE6660D}
	EndGlobalSection
EndGlobal
